{
  "requires": true,
  "lockfileVersion": 1,
  "dependencies": {
    "react-iframe": {
      "version": "1.8.0",
      "resolved": "https://registry.npmjs.org/react-iframe/-/react-iframe-1.8.0.tgz",
      "integrity": "sha512-NYi89+rEqREwQxW9sDf+akh6/dtwWd3bOjByoVEIQ7SicOxVawRMer3pLdWjFaHXpuxTB9NqobPf/Ohj2iAKkg==",
      "requires": {
        "object-assign": "^4.1.1"
      },
      "dependencies": {
        "object-assign": {
          "version": "4.1.1",
          "resolved": "https://registry.npmjs.org/object-assign/-/object-assign-4.1.1.tgz",
          "integrity": "sha512-rJgTQnkUnH1sFw8yT6VSU3zD3sWmu6sZhIseY8VX+GRu3P6F7Fu+JNDoXfklElbLJSnc3FUQHVe4cU5hj+BcUg=="
        }
      }
    }
  }
}
